{
  "lockfileVersion": 1,
  "configVersion": 1,
  "workspaces": {
    "": {
      "name": "bunmicro",
      "dependencies": {
        "wasmoon": "^1.16.0",
      },
    },
  },
  "packages": {
    "@types/emscripten": ["@types/emscripten@1.39.10", "", {}, "sha512-TB/6hBkYQJxsZHSqyeuO1Jt0AB/bW6G7rHt9g7lML7SOF6lbgcHvw/Lr+69iqN0qxgXLhWKScAon73JNnptuDw=="],

    "wasmoon": ["wasmoon@1.16.0", "", { "dependencies": { "@types/emscripten": "1.39.10" }, "bin": { "wasmoon": "bin/wasmoon" } }, "sha512-FlRLb15WwAOz1A9OQDbf6oOKKSiefi5VK0ZRF2wgH9xk3o5SnU11tNPaOnQuAh1Ucr66cwwvVXaeVRaFdRBt5g=="],
  }
}
